// !$*UTF8*$!
{
	archiveVersion = 1;
	classes = {
	};
	objectVersion = 50;
	objects = {

/* Begin PBXBuildFile section */
		B5F37186234DDF240079D71E /* AppDelegate.swift in Sources */ = {isa = PBXBuildFile; fileRef = B5F37185234DDF240079D71E /* AppDelegate.swift */; };
		B5F37188234DDF240079D71E /* ViewController.swift in Sources */ = {isa = PBXBuildFile; fileRef = B5F37187234DDF240079D71E /* ViewController.swift */; };
		B5F3718B234DDF240079D71E /* Main.storyboard in Resources */ = {isa = PBXBuildFile; fileRef = B5F37189234DDF240079D71E /* Main.storyboard */; };
		B5F3718D234DDF280079D71E /* Assets.xcassets in Resources */ = {isa = PBXBuildFile; fileRef = B5F3718C234DDF280079D71E /* Assets.xcassets */; };
		B5F37190234DDF280079D71E /* LaunchScreen.storyboard in Resources */ = {isa = PBXBuildFile; fileRef = B5F3718E234DDF280079D71E /* LaunchScreen.storyboard */; };
		B5F3719B234DDF280079D71E /* MyProjectTests.swift in Sources */ = {isa = PBXBuildFile; fileRef = B5F3719A234DDF280079D71E /* MyProjectTests.swift */; };
		B5F371A6234DDF280079D71E /* MyProjectUITests.swift in Sources */ = {isa = PBXBuildFile; fileRef = B5F371A5234DDF280079D71E /* MyProjectUITests.swift */; };
/* End PBXBuildFile section */

/* Begin PBXContainerItemProxy section */
		B5F37197234DDF280079D71E /* PBXContainerItemProxy */ = {
			isa = PBXContainerItemProxy;
			containerPortal = B5F3717A234DDF240079D71E /* Project object */;
			proxyType = 1;
			remoteGlobalIDString = B5F37181234DDF240079D71E;
			remoteInfo = MyProject;
		};
		B5F371A2234DDF280079D71E /* PBXContainerItemProxy */ = {
			isa = PBXContainerItemProxy;
			containerPortal = B5F3717A234DDF240079D71E /* Project object */;
			proxyType = 1;
			remoteGlobalIDString = B5F37181234DDF240079D71E;
			remoteInfo = MyProject;
		};
/* End PBXContainerItemProxy section */

/* Begin PBXFileReference section */
		B5F37182234DDF240079D71E /* MyProject.app */ = {isa = PBXFileReference; explicitFileType = wrapper.application; includeInIndex = 0; path = MyProject.app; sourceTree = BUILT_PRODUCTS_DIR; };
		B5F37185234DDF240079D71E /* AppDelegate.swift */ = {isa = PBXFileReference; lastKnownFileType = sourcecode.swift; path = AppDelegate.swift; sourceTree = "<group>"; };
		B5F37187234DDF240079D71E /* ViewController.swift */ = {isa = PBXFileReference; lastKnownFileType = sourcecode.swift; path = ViewController.swift; sourceTree = "<group>"; };
		B5F3718A234DDF240079D71E /* Base */ = {isa = PBXFileReference; lastKnownFileType = file.storyboard; name = Base; path = Base.lproj/Main.storyboard; sourceTree = "<group>"; };
		B5F3718C234DDF280079D71E /* Assets.xcassets */ = {isa = PBXFileReference; lastKnownFileType = folder.assetcatalog; path = Assets.xcassets; sourceTree = "<group>"; };
		B5F3718F234DDF280079D71E /* Base */ = {isa = PBXFileReference; lastKnownFileType = file.storyboard; name = Base; path = Base.lproj/LaunchScreen.storyboard; sourceTree = "<group>"; };
		B5F37191234DDF280079D71E /* Info.plist */ = {isa = PBXFileReference; lastKnownFileType = text.plist.xml; path = Info.plist; sourceTree = "<group>"; };
		B5F37196234DDF280079D71E /* MyProjectTests.xctest */ = {isa = PBXFileReference; explicitFileType = wrapper.cfbundle; includeInIndex = 0; path = MyProjectTests.xctest; sourceTree = BUILT_PRODUCTS_DIR; };
		B5F3719A234DDF280079D71E /* MyProjectTests.swift */ = {isa = PBXFileReference; lastKnownFileType = sourcecode.swift; path = MyProjectTests.swift; sourceTree = "<group>"; };
		B5F3719C234DDF280079D71E /* Info.plist */ = {isa = PBXFileReference; lastKnownFileType = text.plist.xml; path = Info.plist; sourceTree = "<group>"; };
		B5F371A1234DDF280079D71E /* MyProjectUITests.xctest */ = {isa = PBXFileReference; explicitFileType = wrapper.cfbundle; includeInIndex = 0; path = MyProjectUITests.xctest; sourceTree = BUILT_PRODUCTS_DIR; };
		B5F371A5234DDF280079D71E /* MyProjectUITests.swift */ = {isa = PBXFileReference; lastKnownFileType = sourcecode.swift; path = MyProjectUITests.swift; sourceTree = "<group>"; };
		B5F371A7234DDF280079D71E /* Info.plist */ = {isa = PBXFileReference; lastKnownFileType = text.plist.xml; path = Info.plist; sourceTree = "<group>"; };
/* End PBXFileReference section */

/* Begin PBXFrameworksBuildPhase section */
		B5F3717F234DDF240079D71E /* Frameworks */ = {
			isa = PBXFrameworksBuildPhase;
			buildActionMask = 2147483647;
			files = (
			);
			runOnlyForDeploymentPostprocessing = 0;
		};
		B5F37193234DDF280079D71E /* Frameworks */ = {
			isa = PBXFrameworksBuildPhase;
			buildActionMask = 2147483647;
			files = (
			);
			runOnlyForDeploymentPostprocessing = 0;
		};
		B5F3719E234DDF280079D71E /* Frameworks */ = {
			isa = PBXFrameworksBuildPhase;
			buildActionMask = 2147483647;
			files = (
			);
			runOnlyForDeploymentPostprocessing = 0;
		};
/* End PBXFrameworksBuildPhase section */

/* Begin PBXGroup section */
		B5F37179234DDF240079D71E = {
			isa = PBXGroup;
			children = (
				B5F37184234DDF240079D71E /* MyProject */,
				B5F37199234DDF280079D71E /* MyProjectTests */,
				B5F371A4234DDF280079D71E /* MyProjectUITests */,
				B5F37183234DDF240079D71E /* Products */,
			);
			sourceTree = "<group>";
		};
		B5F37183234DDF240079D71E /* Products */ = {
			isa = PBXGroup;
			children = (
				B5F37182234DDF240079D71E /* MyProject.app */,
				B5F37196234DDF280079D71E /* MyProjectTests.xctest */,
				B5F371A1234DDF280079D71E /* MyProjectUITests.xctest */,
			);
			name = Products;
			sourceTree = "<group>";
		};
		B5F37184234DDF240079D71E /* MyProject */ = {
			isa = PBXGroup;
			children = (
				B5F37185234DDF240079D71E /* AppDelegate.swift */,
				B5F37187234DDF240079D71E /* ViewController.swift */,
				B5F37189234DDF240079D71E /* Main.storyboard */,
				B5F3718C234DDF280079D71E /* Assets.xcassets */,
				B5F3718E234DDF280079D71E /* LaunchScreen.storyboard */,
				B5F37191234DDF280079D71E /* Info.plist */,
			);
			path = MyProject;
			sourceTree = "<group>";
		};
		B5F37199234DDF280079D71E /* MyProjectTests */ = {
			isa = PBXGroup;
			children = (
				B5F3719A234DDF280079D71E /* MyProjectTests.swift */,
				B5F3719C234DDF280079D71E /* Info.plist */,
			);
			path = MyProjectTests;
			sourceTree = "<group>";
		};
		B5F371A4234DDF280079D71E /* MyProjectUITests */ = {
			isa = PBXGroup;
			children = (
				B5F371A5234DDF280079D71E /* MyProjectUITests.swift */,
				B5F371A7234DDF280079D71E /* Info.plist */,
			);
			path = MyProjectUITests;
			sourceTree = "<group>";
		};
/* End PBXGroup section */

/* Begin PBXNativeTarget section */
		B5F37181234DDF240079D71E /* MyProject */ = {
			isa = PBXNativeTarget;
			buildConfigurationList = B5F371AA234DDF280079D71E /* Build configuration list for PBXNativeTarget "MyProject" */;
			buildPhases = (
				B5F3717E234DDF240079D71E /* Sources */,
				B5F3717F234DDF240079D71E /* Frameworks */,
				B5F37180234DDF240079D71E /* Resources */,
			);
			buildRules = (
			);
			dependencies = (
			);
			name = MyProject;
			productName = MyProject;
			productReference = B5F37182234DDF240079D71E /* MyProject.app */;
			productType = "com.apple.product-type.application";
		};
		B5F37195234DDF280079D71E /* MyProjectTests */ = {
			isa = PBXNativeTarget;
			buildConfigurationList = B5F371AD234DDF280079D71E /* Build configuration list for PBXNativeTarget "MyProjectTests" */;
			buildPhases = (
				B5F37192234DDF280079D71E /* Sources */,
				B5F37193234DDF280079D71E /* Frameworks */,
				B5F37194234DDF280079D71E /* Resources */,
			);
			buildRules = (
			);
			dependencies = (
				B5F37198234DDF280079D71E /* PBXTargetDependency */,
			);
			name = MyProjectTests;
			productName = MyProjectTests;
			productReference = B5F37196234DDF280079D71E /* MyProjectTests.xctest */;
			productType = "com.apple.product-type.bundle.unit-test";
		};
		B5F371A0234DDF280079D71E /* MyProjectUITests */ = {
			isa = PBXNativeTarget;
			buildConfigurationList = B5F371B0234DDF280079D71E /* Build configuration list for PBXNativeTarget "MyProjectUITests" */;
			buildPhases = (
				B5F3719D234DDF280079D71E /* Sources */,
				B5F3719E234DDF280079D71E /* Frameworks */,
				B5F3719F234DDF280079D71E /* Resources */,
			);
			buildRules = (
			);
			dependencies = (
				B5F371A3234DDF280079D71E /* PBXTargetDependency */,
			);
			name = MyProjectUITests;
			productName = MyProjectUITests;
			productReference = B5F371A1234DDF280079D71E /* MyProjectUITests.xctest */;
			productType = "com.apple.product-type.bundle.ui-testing";
		};
/* End PBXNativeTarget section */

/* Begin PBXProject section */
		B5F3717A234DDF240079D71E /* Project object */ = {
			isa = PBXProject;
			attributes = {
				LastSwiftUpdateCheck = 1020;
				LastUpgradeCheck = 1020;
				ORGANIZATIONNAME = Example;
				TargetAttributes = {
					B5F37181234DDF240079D71E = {
						CreatedOnToolsVersion = 10.2.1;
					};
					B5F37195234DDF280079D71E = {
						CreatedOnToolsVersion = 10.2.1;
						TestTargetID = B5F37181234DDF240079D71E;
					};
					B5F371A0234DDF280079D71E = {
						CreatedOnToolsVersion = 10.2.1;
						TestTargetID = B5F37181234DDF240079D71E;
					};
				};
			};
			buildConfigurationList = B5F3717D234DDF240079D71E /* Build configuration list for PBXProject "MyProject" */;
			compatibilityVersion = "Xcode 9.3";
			developmentRegion = en;
			hasScannedForEncodings = 0;
			knownRegions = (
				en,
				Base,
			);
			mainGroup = B5F37179234DDF240079D71E;
			productRefGroup = B5F37183234DDF240079D71E /* Products */;
			projectDirPath = "";
			projectRoot = "";
			targets = (
				B5F37181234DDF240079D71E /* MyProject */,
				B5F37195234DDF280079D71E /* MyProjectTests */,
				B5F371A0234DDF280079D71E /* MyProjectUITests */,
			);
		};
/* End PBXProject section */

/* Begin PBXResourcesBuildPhase section */
		B5F37180234DDF240079D71E /* Resources */ = {
			isa = PBXResourcesBuildPhase;
			buildActionMask = 2147483647;
			files = (
				B5F37190234DDF280079D71E /* LaunchScreen.storyboard in Resources */,
				B5F3718D234DDF280079D71E /* Assets.xcassets in Resources */,
				B5F3718B234DDF240079D71E /* Main.storyboard in Resources */,
			);
			runOnlyForDeploymentPostprocessing = 0;
		};
		B5F37194234DDF280079D71E /* Resources */ = {
			isa = PBXResourcesBuildPhase;
			buildActionMask = 2147483647;
			files = (
			);
			runOnlyForDeploymentPostprocessing = 0;
		};
		B5F3719F234DDF280079D71E /* Resources */ = {
			isa = PBXResourcesBuildPhase;
			buildActionMask = 2147483647;
			files = (
			);
			runOnlyForDeploymentPostprocessing = 0;
		};
/* End PBXResourcesBuildPhase section */

/* Begin PBXSourcesBuildPhase section */
		B5F3717E234DDF240079D71E /* Sources */ = {
			isa = PBXSourcesBuildPhase;
			buildActionMask = 2147483647;
			files = (
				B5F37188234DDF240079D71E /* ViewController.swift in Sources */,
				B5F37186234DDF240079D71E /* AppDelegate.swift in Sources */,
			);
			runOnlyForDeploymentPostprocessing = 0;
		};
		B5F37192234DDF280079D71E /* Sources */ = {
			isa = PBXSourcesBuildPhase;
			buildActionMask = 2147483647;
			files = (
				B5F3719B234DDF280079D71E /* MyProjectTests.swift in Sources */,
			);
			runOnlyForDeploymentPostprocessing = 0;
		};
		B5F3719D234DDF280079D71E /* Sources */ = {
			isa = PBXSourcesBuildPhase;
			buildActionMask = 2147483647;
			files = (
				B5F371A6234DDF280079D71E /* MyProjectUITests.swift in Sources */,
			);
			runOnlyForDeploymentPostprocessing = 0;
		};
/* End PBXSourcesBuildPhase section */

/* Begin PBXTargetDependency section */
		B5F37198234DDF280079D71E /* PBXTargetDependency */ = {
			isa = PBXTargetDependency;
			target = B5F37181234DDF240079D71E /* MyProject */;
			targetProxy = B5F37197234DDF280079D71E /* PBXContainerItemProxy */;
		};
		B5F371A3234DDF280079D71E /* PBXTargetDependency */ = {
			isa = PBXTargetDependency;
			target = B5F37181234DDF240079D71E /* MyProject */;
			targetProxy = B5F371A2234DDF280079D71E /* PBXContainerItemProxy */;
		};
/* End PBXTargetDependency section */

/* Begin PBXVariantGroup section */
		B5F37189234DDF240079D71E /* Main.storyboard */ = {
			isa = PBXVariantGroup;
			children = (
				B5F3718A234DDF240079D71E /* Base */,
			);
			name = Main.storyboard;
			sourceTree = "<group>";
		};
		B5F3718E234DDF280079D71E /* LaunchScreen.storyboard */ = {
			isa = PBXVariantGroup;
			children = (
				B5F3718F234DDF280079D71E /* Base */,
			);
			name = LaunchScreen.storyboard;
			sourceTree = "<group>";
		};
/* End PBXVariantGroup section */

/* Begin XCBuildConfiguration section */
		B5F371A8234DDF280079D71E /* Debug */ = {
			isa = XCBuildConfiguration;
			buildSettings = {
				ALWAYS_SEARCH_USER_PATHS = NO;
				CLANG_ANALYZER_NONNULL = YES;
				CLANG_ANALYZER_NUMBER_OBJECT_CONVERSION = YES_AGGRESSIVE;
				CLANG_CXX_LANGUAGE_STANDARD = "gnu++14";
				CLANG_CXX_LIBRARY = "libc++";
				CLANG_ENABLE_MODULES = YES;
				CLANG_ENABLE_OBJC_ARC = YES;
				CLANG_ENABLE_OBJC_WEAK = YES;
				CLANG_WARN_BLOCK_CAPTURE_AUTORELEASING = YES;
				CLANG_WARN_BOOL_CONVERSION = YES;
				CLANG_WARN_COMMA = YES;
				CLANG_WARN_CONSTANT_CONVERSION = YES;
				CLANG_WARN_DEPRECATED_OBJC_IMPLEMENTATIONS = YES;
				CLANG_WARN_DIRECT_OBJC_ISA_USAGE = YES_ERROR;
				CLANG_WARN_DOCUMENTATION_COMMENTS = YES;
				CLANG_WARN_EMPTY_BODY = YES;
				CLANG_WARN_ENUM_CONVERSION = YES;
				CLANG_WARN_INFINITE_RECURSION = YES;
				CLANG_WARN_INT_CONVERSION = YES;
				CLANG_WARN_NON_LITERAL_NULL_CONVERSION = YES;
				CLANG_WARN_OBJC_IMPLICIT_RETAIN_SELF = YES;
				CLANG_WARN_OBJC_LITERAL_CONVERSION = YES;
				CLANG_WARN_OBJC_ROOT_CLASS = YES_ERROR;
				CLANG_WARN_RANGE_LOOP_ANALYSIS = YES;
				CLANG_WARN_STRICT_PROTOTYPES = YES;
				CLANG_WARN_SUSPICIOUS_MOVE = YES;
				CLANG_WARN_UNGUARDED_AVAILABILITY = YES_AGGRESSIVE;
				CLANG_WARN_UNREACHABLE_CODE = YES;
				CLANG_WARN__DUPLICATE_METHOD_MATCH = YES;
				CODE_SIGN_IDENTITY = "iPhone Developer";
				COPY_PHASE_STRIP = NO;
				DEBUG_INFORMATION_FORMAT = dwarf;
				ENABLE_STRICT_OBJC_MSGSEND = YES;
				ENABLE_TESTABILITY = YES;
				GCC_C_LANGUAGE_STANDARD = gnu11;
				GCC_DYNAMIC_NO_PIC = NO;
				GCC_NO_COMMON_BLOCKS = YES;
				GCC_OPTIMIZATION_LEVEL = 0;
				GCC_PREPROCESSOR_DEFINITIONS = (
					"DEBUG=1",
					"$(inherited)",
				);
				GCC_WARN_64_TO_32_BIT_CONVERSION = YES;
				GCC_WARN_ABOUT_RETURN_TYPE = YES_ERROR;
				GCC_WARN_UNDECLARED_SELECTOR = YES;
				GCC_WARN_UNINITIALIZED_AUTOS = YES_AGGRESSIVE;
				GCC_WARN_UNUSED_FUNCTION = YES;
				GCC_WARN_UNUSED_VARIABLE = YES;
				IPHONEOS_DEPLOYMENT_TARGET = 12.2;
				MTL_ENABLE_DEBUG_INFO = INCLUDE_SOURCE;
				MTL_FAST_MATH = YES;
				ONLY_ACTIVE_ARCH = YES;
				SDKROOT = iphoneos;
				SWIFT_ACTIVE_COMPILATION_CONDITIONS = DEBUG;
				SWIFT_OPTIMIZATION_LEVEL = "-Onone";
			};
			name = Debug;
		};
		B5F371A9234DDF280079D71E /* Release */ = {
			isa = XCBuildConfiguration;
			buildSettings = {
				ALWAYS_SEARCH_USER_PATHS = NO;
				CLANG_ANALYZER_NONNULL = YES;
				CLANG_ANALYZER_NUMBER_OBJECT_CONVERSION = YES_AGGRESSIVE;
				CLANG_CXX_LANGUAGE_STANDARD = "gnu++14";
				CLANG_CXX_LIBRARY = "libc++";
				CLANG_ENABLE_MODULES = YES;
				CLANG_ENABLE_OBJC_ARC = YES;
				CLANG_ENABLE_OBJC_WEAK = YES;
				CLANG_WARN_BLOCK_CAPTURE_AUTORELEASING = YES;
				CLANG_WARN_BOOL_CONVERSION = YES;
				CLANG_WARN_COMMA = YES;
				CLANG_WARN_CONSTANT_CONVERSION = YES;
				CLANG_WARN_DEPRECATED_OBJC_IMPLEMENTATIONS = YES;
				CLANG_WARN_DIRECT_OBJC_ISA_USAGE = YES_ERROR;
				CLANG_WARN_DOCUMENTATION_COMMENTS = YES;
				CLANG_WARN_EMPTY_BODY = YES;
				CLANG_WARN_ENUM_CONVERSION = YES;
				CLANG_WARN_INFINITE_RECURSION = YES;
				CLANG_WARN_INT_CONVERSION = YES;
				CLANG_WARN_NON_LITERAL_NULL_CONVERSION = YES;
				CLANG_WARN_OBJC_IMPLICIT_RETAIN_SELF = YES;
				CLANG_WARN_OBJC_LITERAL_CONVERSION = YES;
				CLANG_WARN_OBJC_ROOT_CLASS = YES_ERROR;
				CLANG_WARN_RANGE_LOOP_ANALYSIS = YES;
				CLANG_WARN_STRICT_PROTOTYPES = YES;
				CLANG_WARN_SUSPICIOUS_MOVE = YES;
				CLANG_WARN_UNGUARDED_AVAILABILITY = YES_AGGRESSIVE;
				CLANG_WARN_UNREACHABLE_CODE = YES;
				CLANG_WARN__DUPLICATE_METHOD_MATCH = YES;
				CODE_SIGN_IDENTITY = "iPhone Developer";
				COPY_PHASE_STRIP = NO;
				DEBUG_INFORMATION_FORMAT = "dwarf-with-dsym";
				ENABLE_NS_ASSERTIONS = NO;
				ENABLE_STRICT_OBJC_MSGSEND = YES;
				GCC_C_LANGUAGE_STANDARD = gnu11;
				GCC_NO_COMMON_BLOCKS = YES;
				GCC_WARN_64_TO_32_BIT_CONVERSION = YES;
				GCC_WARN_ABOUT_RETURN_TYPE = YES_ERROR;
				GCC_WARN_UNDECLARED_SELECTOR = YES;
				GCC_WARN_UNINITIALIZED_AUTOS = YES_AGGRESSIVE;
				GCC_WARN_UNUSED_FUNCTION = YES;
				GCC_WARN_UNUSED_VARIABLE = YES;
				IPHONEOS_DEPLOYMENT_TARGET = 12.2;
				MTL_ENABLE_DEBUG_INFO = NO;
				MTL_FAST_MATH = YES;
				SDKROOT = iphoneos;
				SWIFT_COMPILATION_MODE = wholemodule;
				SWIFT_OPTIMIZATION_LEVEL = "-O";
				VALIDATE_PRODUCT = YES;
			};
			name = Release;
		};
		B5F371AB234DDF280079D71E /* Debug */ = {
			isa = XCBuildConfiguration;
			buildSettings = {
				ASSETCATALOG_COMPILER_APPICON_NAME = AppIcon;
				CODE_SIGN_STYLE = Automatic;
				INFOPLIST_FILE = MyProject/Info.plist;
				LD_RUNPATH_SEARCH_PATHS = (
					"$(inherited)",
					"@executable_path/Frameworks",
				);
				PRODUCT_BUNDLE_IDENTIFIER = com.example.MyProject;
				PRODUCT_NAME = "$(TARGET_NAME)";
				SWIFT_VERSION = 5.0;
				TARGETED_DEVICE_FAMILY = "1,2";
			};
			name = Debug;
		};
		B5F371AC234DDF280079D71E /* Release */ = {
			isa = XCBuildConfiguration;
			buildSettings = {
				ASSETCATALOG_COMPILER_APPICON_NAME = AppIcon;
				CODE_SIGN_STYLE = Automatic;
				INFOPLIST_FILE = MyProject/Info.plist;
				LD_RUNPATH_SEARCH_PATHS = (
					"$(inherited)",
					"@executable_path/Frameworks",
				);
				PRODUCT_BUNDLE_IDENTIFIER = com.example.MyProject;
				PRODUCT_NAME = "$(TARGET_NAME)";
				SWIFT_VERSION = 5.0;
				TARGETED_DEVICE_FAMILY = "1,2";
			};
			name = Release;
		};
		B5F371AE234DDF280079D71E /* Debug */ = {
			isa = XCBuildConfiguration;
			buildSettings = {
				ALWAYS_EMBED_SWIFT_STANDARD_LIBRARIES = YES;
				BUNDLE_LOADER = "$(TEST_HOST)";
				CODE_SIGN_STYLE = Automatic;
				INFOPLIST_FILE = MyProjectTests/Info.plist;
				LD_RUNPATH_SEARCH_PATHS = (
					"$(inherited)",
					"@executable_path/Frameworks",
					"@loader_path/Frameworks",
				);
				PRODUCT_BUNDLE_IDENTIFIER = com.example.MyProjectTests;
				PRODUCT_NAME = "$(TARGET_NAME)";
				SWIFT_VERSION = 5.0;
				TARGETED_DEVICE_FAMILY = "1,2";
				TEST_HOST = "$(BUILT_PRODUCTS_DIR)/MyProject.app/MyProject";
			};
			name = Debug;
		};
		B5F371AF234DDF280079D71E /* Release */ = {
			isa = XCBuildConfiguration;
			buildSettings = {
				ALWAYS_EMBED_SWIFT_STANDARD_LIBRARIES = YES;
				BUNDLE_LOADER = "$(TEST_HOST)";
				CODE_SIGN_STYLE = Automatic;
				INFOPLIST_FILE = MyProjectTests/Info.plist;
				LD_RUNPATH_SEARCH_PATHS = (
					"$(inherited)",
					"@executable_path/Frameworks",
					"@loader_path/Frameworks",
				);
				PRODUCT_BUNDLE_IDENTIFIER = com.example.MyProjectTests;
				PRODUCT_NAME = "$(TARGET_NAME)";
				SWIFT_VERSION = 5.0;
				TARGETED_DEVICE_FAMILY = "1,2";
				TEST_HOST = "$(BUILT_PRODUCTS_DIR)/MyProject.app/MyProject";
			};
			name = Release;
		};
		B5F371B1234DDF280079D71E /* Debug */ = {
			isa = XCBuildConfiguration;
			buildSettings = {
				ALWAYS_EMBED_SWIFT_STANDARD_LIBRARIES = YES;
				CODE_SIGN_STYLE = Automatic;
				INFOPLIST_FILE = MyProjectUITests/Info.plist;
				LD_RUNPATH_SEARCH_PATHS = (
					"$(inherited)",
					"@executable_path/Frameworks",
					"@loader_path/Frameworks",
				);
				PRODUCT_BUNDLE_IDENTIFIER = com.example.MyProjectUITests;
				PRODUCT_NAME = "$(TARGET_NAME)";
				SWIFT_VERSION = 5.0;
				TARGETED_DEVICE_FAMILY = "1,2";
				TEST_TARGET_NAME = MyProject;
			};
			name = Debug;
		};
		B5F371B2234DDF280079D71E /* Release */ = {
			isa = XCBuildConfiguration;
			buildSettings = {
				ALWAYS_EMBED_SWIFT_STANDARD_LIBRARIES = YES;
				CODE_SIGN_STYLE = Automatic;
				INFOPLIST_FILE = MyProjectUITests/Info.plist;
				LD_RUNPATH_SEARCH_PATHS = (
					"$(inherited)",
					"@executable_path/Frameworks",
					"@loader_path/Frameworks",
				);
				PRODUCT_BUNDLE_IDENTIFIER = com.example.MyProjectUITests;
				PRODUCT_NAME = "$(TARGET_NAME)";
				SWIFT_VERSION = 5.0;
				TARGETED_DEVICE_FAMILY = "1,2";
				TEST_TARGET_NAME = MyProject;
			};
			name = Release;
		};
/* End XCBuildConfiguration section */

/* Begin XCConfigurationList section */
		B5F3717D234DDF240079D71E /* Build configuration list for PBXProject "MyProject" */ = {
			isa = XCConfigurationList;
			buildConfigurations = (
				B5F371A8234DDF280079D71E /* Debug */,
				B5F371A9234DDF280079D71E /* Release */,
			);
			defaultConfigurationIsVisible = 0;
			defaultConfigurationName = Release;
		};
		B5F371AA234DDF280079D71E /* Build configuration list for PBXNativeTarget "MyProject" */ = {
			isa = XCConfigurationList;
			buildConfigurations = (
				B5F371AB234DDF280079D71E /* Debug */,
				B5F371AC234DDF280079D71E /* Release */,
			);
			defaultConfigurationIsVisible = 0;
			defaultConfigurationName = Release;
		};
		B5F371AD234DDF280079D71E /* Build configuration list for PBXNativeTarget "MyProjectTests" */ = {
			isa = XCConfigurationList;
			buildConfigurations = (
				B5F371AE234DDF280079D71E /* Debug */,
				B5F371AF234DDF280079D71E /* Release */,
			);
			defaultConfigurationIsVisible = 0;
			defaultConfigurationName = Release;
		};
		B5F371B0234DDF280079D71E /* Build configuration list for PBXNativeTarget "MyProjectUITests" */ = {
			isa = XCConfigurationList;
			buildConfigurations = (
				B5F371B1234DDF280079D71E /* Debug */,
				B5F371B2234DDF280079D71E /* Release */,
			);
			defaultConfigurationIsVisible = 0;
			defaultConfigurationName = Release;
		};
/* End XCConfigurationList section */
	};
	rootObject = B5F3717A234DDF240079D71E /* Project object */;
}
